// !$*UTF8*$!
{
	archiveVersion = 1;
	classes = {
	};
	objectVersion = 56;
	objects = {

/* Begin PBXBuildFile section */
		A520071829B773E30077110E /* AppKit+KeyboardType.swift in Sources */ = {isa = PBXBuildFile; fileRef = A520071729B773E30077110E /* AppKit+KeyboardType.swift */; };
		A56D675D29B76CFB007875BA /* Assets.xcassets in Resources */ = {isa = PBXBuildFile; fileRef = A56D675729B76CFB007875BA /* Assets.xcassets */; };
		A56D675E29B76CFB007875BA /* Preview Assets.xcassets in Resources */ = {isa = PBXBuildFile; fileRef = A56D675929B76CFB007875BA /* Preview Assets.xcassets */; };
		A56D675F29B76CFB007875BA /* dataStorage.xcdatamodeld in Sources */ = {isa = PBXBuildFile; fileRef = A56D675B29B76CFB007875BA /* dataStorage.xcdatamodeld */; };
		A5C24CE729B20A4200B8D860 /* application.swift in Sources */ = {isa = PBXBuildFile; fileRef = A5C24CE629B20A4200B8D860 /* application.swift */; };
		A5C24CE929B20A4200B8D860 /* Persistence.swift in Sources */ = {isa = PBXBuildFile; fileRef = A5C24CE829B20A4200B8D860 /* Persistence.swift */; };
		A5C24CEE29B20A4200B8D860 /* ContentView.swift in Sources */ = {isa = PBXBuildFile; fileRef = A5C24CED29B20A4200B8D860 /* ContentView.swift */; };
		A5C24CFE29B20A4500B8D860 /* openAISwiftTests.swift in Sources */ = {isa = PBXBuildFile; fileRef = A5C24CFD29B20A4500B8D860 /* openAISwiftTests.swift */; };
		A5C24D0829B20A4500B8D860 /* openAISwiftUITests.swift in Sources */ = {isa = PBXBuildFile; fileRef = A5C24D0729B20A4500B8D860 /* openAISwiftUITests.swift */; };
		A5C24D0A29B20A4500B8D860 /* openAISwiftUITestsLaunchTests.swift in Sources */ = {isa = PBXBuildFile; fileRef = A5C24D0929B20A4500B8D860 /* openAISwiftUITestsLaunchTests.swift */; };
/* End PBXBuildFile section */

/* Begin PBXContainerItemProxy section */
		A5C24CFA29B20A4500B8D860 /* PBXContainerItemProxy */ = {
			isa = PBXContainerItemProxy;
			containerPortal = A5C24CDB29B20A4200B8D860 /* Project object */;
			proxyType = 1;
			remoteGlobalIDString = A5C24CE229B20A4200B8D860;
			remoteInfo = openAISwift;
		};
		A5C24D0429B20A4500B8D860 /* PBXContainerItemProxy */ = {
			isa = PBXContainerItemProxy;
			containerPortal = A5C24CDB29B20A4200B8D860 /* Project object */;
			proxyType = 1;
			remoteGlobalIDString = A5C24CE229B20A4200B8D860;
			remoteInfo = openAISwift;
		};
/* End PBXContainerItemProxy section */

/* Begin PBXFileReference section */
		A520071729B773E30077110E /* AppKit+KeyboardType.swift */ = {isa = PBXFileReference; lastKnownFileType = sourcecode.swift; path = "AppKit+KeyboardType.swift"; sourceTree = "<group>"; };
		A56D675729B76CFB007875BA /* Assets.xcassets */ = {isa = PBXFileReference; lastKnownFileType = folder.assetcatalog; path = Assets.xcassets; sourceTree = "<group>"; };
		A56D675929B76CFB007875BA /* Preview Assets.xcassets */ = {isa = PBXFileReference; lastKnownFileType = folder.assetcatalog; path = "Preview Assets.xcassets"; sourceTree = "<group>"; };
		A56D675A29B76CFB007875BA /* entitlement.entitlements */ = {isa = PBXFileReference; fileEncoding = 4; lastKnownFileType = text.plist.entitlements; path = entitlement.entitlements; sourceTree = "<group>"; };
		A56D675C29B76CFB007875BA /* dataStorage.xcdatamodel */ = {isa = PBXFileReference; lastKnownFileType = wrapper.xcdatamodel; path = dataStorage.xcdatamodel; sourceTree = "<group>"; };
		A56D676229B76D0F007875BA /* app.xcconfig */ = {isa = PBXFileReference; lastKnownFileType = text.xcconfig; path = app.xcconfig; sourceTree = "<group>"; };
		A56D676329B76D0F007875BA /* app-debug.xcconfig */ = {isa = PBXFileReference; lastKnownFileType = text.xcconfig; path = "app-debug.xcconfig"; sourceTree = "<group>"; };
		A56D676429B76D0F007875BA /* app-release.xcconfig */ = {isa = PBXFileReference; lastKnownFileType = text.xcconfig; path = "app-release.xcconfig"; sourceTree = "<group>"; };
		A56D676629B76D0F007875BA /* test-release.xcconfig */ = {isa = PBXFileReference; lastKnownFileType = text.xcconfig; path = "test-release.xcconfig"; sourceTree = "<group>"; };
		A56D676729B76D0F007875BA /* uitest-debug.xcconfig */ = {isa = PBXFileReference; lastKnownFileType = text.xcconfig; path = "uitest-debug.xcconfig"; sourceTree = "<group>"; };
		A56D676829B76D0F007875BA /* uitest.xcconfig */ = {isa = PBXFileReference; lastKnownFileType = text.xcconfig; path = uitest.xcconfig; sourceTree = "<group>"; };
		A56D676929B76D0F007875BA /* test.xcconfig */ = {isa = PBXFileReference; lastKnownFileType = text.xcconfig; path = test.xcconfig; sourceTree = "<group>"; };
		A56D676A29B76D0F007875BA /* uitest-release.xcconfig */ = {isa = PBXFileReference; lastKnownFileType = text.xcconfig; path = "uitest-release.xcconfig"; sourceTree = "<group>"; };
		A56D676B29B76D0F007875BA /* test-debug.xcconfig */ = {isa = PBXFileReference; lastKnownFileType = text.xcconfig; path = "test-debug.xcconfig"; sourceTree = "<group>"; };
		A56D676C29B76D0F007875BA /* debug.xcconfig */ = {isa = PBXFileReference; lastKnownFileType = text.xcconfig; path = debug.xcconfig; sourceTree = "<group>"; };
		A56D676D29B76D0F007875BA /* release.xcconfig */ = {isa = PBXFileReference; lastKnownFileType = text.xcconfig; path = release.xcconfig; sourceTree = "<group>"; };
		A56D676E29B76D0F007875BA /* base.xcconfig */ = {isa = PBXFileReference; lastKnownFileType = text.xcconfig; path = base.xcconfig; sourceTree = "<group>"; };
		A576719929B778E0007A6204 /* openAISwift.xctestplan */ = {isa = PBXFileReference; lastKnownFileType = text; name = openAISwift.xctestplan; path = openAISwift.xcodeproj/openAISwift.xctestplan; sourceTree = "<group>"; };
		A5C24CE329B20A4200B8D860 /* openAISwift.app */ = {isa = PBXFileReference; explicitFileType = wrapper.application; includeInIndex = 0; path = openAISwift.app; sourceTree = BUILT_PRODUCTS_DIR; };
		A5C24CE629B20A4200B8D860 /* application.swift */ = {isa = PBXFileReference; lastKnownFileType = sourcecode.swift; path = application.swift; sourceTree = "<group>"; };
		A5C24CE829B20A4200B8D860 /* Persistence.swift */ = {isa = PBXFileReference; lastKnownFileType = sourcecode.swift; path = Persistence.swift; sourceTree = "<group>"; };
		A5C24CED29B20A4200B8D860 /* ContentView.swift */ = {isa = PBXFileReference; lastKnownFileType = sourcecode.swift; path = ContentView.swift; sourceTree = "<group>"; };
		A5C24CF929B20A4500B8D860 /* openAISwiftTests.xctest */ = {isa = PBXFileReference; explicitFileType = wrapper.cfbundle; includeInIndex = 0; path = openAISwiftTests.xctest; sourceTree = BUILT_PRODUCTS_DIR; };
		A5C24CFD29B20A4500B8D860 /* openAISwiftTests.swift */ = {isa = PBXFileReference; lastKnownFileType = sourcecode.swift; path = openAISwiftTests.swift; sourceTree = "<group>"; };
		A5C24D0329B20A4500B8D860 /* openAISwiftUITests.xctest */ = {isa = PBXFileReference; explicitFileType = wrapper.cfbundle; includeInIndex = 0; path = openAISwiftUITests.xctest; sourceTree = BUILT_PRODUCTS_DIR; };
		A5C24D0729B20A4500B8D860 /* openAISwiftUITests.swift */ = {isa = PBXFileReference; lastKnownFileType = sourcecode.swift; path = openAISwiftUITests.swift; sourceTree = "<group>"; };
		A5C24D0929B20A4500B8D860 /* openAISwiftUITestsLaunchTests.swift */ = {isa = PBXFileReference; lastKnownFileType = sourcecode.swift; path = openAISwiftUITestsLaunchTests.swift; sourceTree = "<group>"; };
/* End PBXFileReference section */

/* Begin PBXFrameworksBuildPhase section */
		A5C24CE029B20A4200B8D860 /* Frameworks */ = {
			isa = PBXFrameworksBuildPhase;
			buildActionMask = 2147483647;
			files = (
			);
			runOnlyForDeploymentPostprocessing = 0;
		};
		A5C24CF629B20A4500B8D860 /* Frameworks */ = {
			isa = PBXFrameworksBuildPhase;
			buildActionMask = 2147483647;
			files = (
			);
			runOnlyForDeploymentPostprocessing = 0;
		};
		A5C24D0029B20A4500B8D860 /* Frameworks */ = {
			isa = PBXFrameworksBuildPhase;
			buildActionMask = 2147483647;
			files = (
			);
			runOnlyForDeploymentPostprocessing = 0;
		};
/* End PBXFrameworksBuildPhase section */

/* Begin PBXGroup section */
		A520071629B7732C0077110E /* Extensions */ = {
			isa = PBXGroup;
			children = (
				A520071729B773E30077110E /* AppKit+KeyboardType.swift */,
			);
			path = Extensions;
			sourceTree = "<group>";
		};
		A56D675629B76CFB007875BA /* Resources */ = {
			isa = PBXGroup;
			children = (
				A56D675829B76CFB007875BA /* Preview Content */,
				A56D675729B76CFB007875BA /* Assets.xcassets */,
				A56D675A29B76CFB007875BA /* entitlement.entitlements */,
				A56D675B29B76CFB007875BA /* dataStorage.xcdatamodeld */,
			);
			path = Resources;
			sourceTree = "<group>";
		};
		A56D675829B76CFB007875BA /* Preview Content */ = {
			isa = PBXGroup;
			children = (
				A56D675929B76CFB007875BA /* Preview Assets.xcassets */,
			);
			path = "Preview Content";
			sourceTree = "<group>";
		};
		A56D676029B76D0F007875BA /* Configurations */ = {
			isa = PBXGroup;
			children = (
				A56D676E29B76D0F007875BA /* base.xcconfig */,
				A56D676C29B76D0F007875BA /* debug.xcconfig */,
				A56D676D29B76D0F007875BA /* release.xcconfig */,
				A56D676129B76D0F007875BA /* app */,
				A56D676529B76D0F007875BA /* tests */,
			);
			path = Configurations;
			sourceTree = "<group>";
		};
		A56D676129B76D0F007875BA /* app */ = {
			isa = PBXGroup;
			children = (
				A56D676229B76D0F007875BA /* app.xcconfig */,
				A56D676329B76D0F007875BA /* app-debug.xcconfig */,
				A56D676429B76D0F007875BA /* app-release.xcconfig */,
			);
			path = app;
			sourceTree = "<group>";
		};
		A56D676529B76D0F007875BA /* tests */ = {
			isa = PBXGroup;
			children = (
				A56D676629B76D0F007875BA /* test-release.xcconfig */,
				A56D676729B76D0F007875BA /* uitest-debug.xcconfig */,
				A56D676829B76D0F007875BA /* uitest.xcconfig */,
				A56D676929B76D0F007875BA /* test.xcconfig */,
				A56D676A29B76D0F007875BA /* uitest-release.xcconfig */,
				A56D676B29B76D0F007875BA /* test-debug.xcconfig */,
			);
			path = tests;
			sourceTree = "<group>";
		};
		A56D676F29B76DD9007875BA /* Storage */ = {
			isa = PBXGroup;
			children = (
				A5C24CE829B20A4200B8D860 /* Persistence.swift */,
			);
			path = Storage;
			sourceTree = "<group>";
		};
		A5C24CDA29B20A4200B8D860 = {
			isa = PBXGroup;
			children = (
				A5C24CE529B20A4200B8D860 /* Source */,
				A56D676029B76D0F007875BA /* Configurations */,
				A56D675629B76CFB007875BA /* Resources */,
				A576719929B778E0007A6204 /* openAISwift.xctestplan */,
				A5C24CFC29B20A4500B8D860 /* Tests */,
				A5C24D0629B20A4500B8D860 /* UITests */,
				A5C24CE429B20A4200B8D860 /* Products */,
			);
			sourceTree = "<group>";
		};
		A5C24CE429B20A4200B8D860 /* Products */ = {
			isa = PBXGroup;
			children = (
				A5C24CE329B20A4200B8D860 /* openAISwift.app */,
				A5C24CF929B20A4500B8D860 /* openAISwiftTests.xctest */,
				A5C24D0329B20A4500B8D860 /* openAISwiftUITests.xctest */,
			);
			name = Products;
			sourceTree = "<group>";
		};
		A5C24CE529B20A4200B8D860 /* Source */ = {
			isa = PBXGroup;
			children = (
				A5C24CE629B20A4200B8D860 /* application.swift */,
				A520071629B7732C0077110E /* Extensions */,
				A56D676F29B76DD9007875BA /* Storage */,
				A5C24CED29B20A4200B8D860 /* ContentView.swift */,
			);
			path = Source;
			sourceTree = "<group>";
		};
		A5C24CFC29B20A4500B8D860 /* Tests */ = {
			isa = PBXGroup;
			children = (
				A5C24CFD29B20A4500B8D860 /* openAISwiftTests.swift */,
			);
			path = Tests;
			sourceTree = "<group>";
		};
		A5C24D0629B20A4500B8D860 /* UITests */ = {
			isa = PBXGroup;
			children = (
				A5C24D0729B20A4500B8D860 /* openAISwiftUITests.swift */,
				A5C24D0929B20A4500B8D860 /* openAISwiftUITestsLaunchTests.swift */,
			);
			path = UITests;
			sourceTree = "<group>";
		};
/* End PBXGroup section */

/* Begin PBXNativeTarget section */
		A5C24CE229B20A4200B8D860 /* openAISwift */ = {
			isa = PBXNativeTarget;
			buildConfigurationList = A5C24D0D29B20A4500B8D860 /* Build configuration list for PBXNativeTarget "openAISwift" */;
			buildPhases = (
				A5C24CDF29B20A4200B8D860 /* Sources */,
				A5C24CE029B20A4200B8D860 /* Frameworks */,
				A5C24CE129B20A4200B8D860 /* Resources */,
			);
			buildRules = (
			);
			dependencies = (
			);
			name = openAISwift;
			productName = openAISwift;
			productReference = A5C24CE329B20A4200B8D860 /* openAISwift.app */;
			productType = "com.apple.product-type.application";
		};
		A5C24CF829B20A4500B8D860 /* openAISwiftTests */ = {
			isa = PBXNativeTarget;
			buildConfigurationList = A5C24D1029B20A4500B8D860 /* Build configuration list for PBXNativeTarget "openAISwiftTests" */;
			buildPhases = (
				A5C24CF529B20A4500B8D860 /* Sources */,
				A5C24CF629B20A4500B8D860 /* Frameworks */,
				A5C24CF729B20A4500B8D860 /* Resources */,
			);
			buildRules = (
			);
			dependencies = (
				A5C24CFB29B20A4500B8D860 /* PBXTargetDependency */,
			);
			name = openAISwiftTests;
			productName = openAISwiftTests;
			productReference = A5C24CF929B20A4500B8D860 /* openAISwiftTests.xctest */;
			productType = "com.apple.product-type.bundle.unit-test";
		};
		A5C24D0229B20A4500B8D860 /* openAISwiftUITests */ = {
			isa = PBXNativeTarget;
			buildConfigurationList = A5C24D1329B20A4500B8D860 /* Build configuration list for PBXNativeTarget "openAISwiftUITests" */;
			buildPhases = (
				A5C24CFF29B20A4500B8D860 /* Sources */,
				A5C24D0029B20A4500B8D860 /* Frameworks */,
				A5C24D0129B20A4500B8D860 /* Resources */,
			);
			buildRules = (
			);
			dependencies = (
				A5C24D0529B20A4500B8D860 /* PBXTargetDependency */,
			);
			name = openAISwiftUITests;
			productName = openAISwiftUITests;
			productReference = A5C24D0329B20A4500B8D860 /* openAISwiftUITests.xctest */;
			productType = "com.apple.product-type.bundle.ui-testing";
		};
/* End PBXNativeTarget section */

/* Begin PBXProject section */
		A5C24CDB29B20A4200B8D860 /* Project object */ = {
			isa = PBXProject;
			attributes = {
				BuildIndependentTargetsInParallel = 1;
				LastSwiftUpdateCheck = 1420;
				LastUpgradeCheck = 1420;
				ORGANIZATIONNAME = "IGR Soft";
				TargetAttributes = {
					A5C24CE229B20A4200B8D860 = {
						CreatedOnToolsVersion = 14.2;
					};
					A5C24CF829B20A4500B8D860 = {
						CreatedOnToolsVersion = 14.2;
						TestTargetID = A5C24CE229B20A4200B8D860;
					};
					A5C24D0229B20A4500B8D860 = {
						CreatedOnToolsVersion = 14.2;
						TestTargetID = A5C24CE229B20A4200B8D860;
					};
				};
			};
			buildConfigurationList = A5C24CDE29B20A4200B8D860 /* Build configuration list for PBXProject "openAISwift" */;
			compatibilityVersion = "Xcode 14.0";
			developmentRegion = en;
			hasScannedForEncodings = 0;
			knownRegions = (
				en,
				Base,
			);
			mainGroup = A5C24CDA29B20A4200B8D860;
			productRefGroup = A5C24CE429B20A4200B8D860 /* Products */;
			projectDirPath = "";
			projectRoot = "";
			targets = (
				A5C24CE229B20A4200B8D860 /* openAISwift */,
				A5C24CF829B20A4500B8D860 /* openAISwiftTests */,
				A5C24D0229B20A4500B8D860 /* openAISwiftUITests */,
			);
		};
/* End PBXProject section */

/* Begin PBXResourcesBuildPhase section */
		A5C24CE129B20A4200B8D860 /* Resources */ = {
			isa = PBXResourcesBuildPhase;
			buildActionMask = 2147483647;
			files = (
				A56D675E29B76CFB007875BA /* Preview Assets.xcassets in Resources */,
				A56D675D29B76CFB007875BA /* Assets.xcassets in Resources */,
			);
			runOnlyForDeploymentPostprocessing = 0;
		};
		A5C24CF729B20A4500B8D860 /* Resources */ = {
			isa = PBXResourcesBuildPhase;
			buildActionMask = 2147483647;
			files = (
			);
			runOnlyForDeploymentPostprocessing = 0;
		};
		A5C24D0129B20A4500B8D860 /* Resources */ = {
			isa = PBXResourcesBuildPhase;
			buildActionMask = 2147483647;
			files = (
			);
			runOnlyForDeploymentPostprocessing = 0;
		};
/* End PBXResourcesBuildPhase section */

/* Begin PBXSourcesBuildPhase section */
		A5C24CDF29B20A4200B8D860 /* Sources */ = {
			isa = PBXSourcesBuildPhase;
			buildActionMask = 2147483647;
			files = (
				A5C24CE729B20A4200B8D860 /* application.swift in Sources */,
				A5C24CEE29B20A4200B8D860 /* ContentView.swift in Sources */,
				A520071829B773E30077110E /* AppKit+KeyboardType.swift in Sources */,
				A5C24CE929B20A4200B8D860 /* Persistence.swift in Sources */,
				A56D675F29B76CFB007875BA /* dataStorage.xcdatamodeld in Sources */,
			);
			runOnlyForDeploymentPostprocessing = 0;
		};
		A5C24CF529B20A4500B8D860 /* Sources */ = {
			isa = PBXSourcesBuildPhase;
			buildActionMask = 2147483647;
			files = (
				A5C24CFE29B20A4500B8D860 /* openAISwiftTests.swift in Sources */,
			);
			runOnlyForDeploymentPostprocessing = 0;
		};
		A5C24CFF29B20A4500B8D860 /* Sources */ = {
			isa = PBXSourcesBuildPhase;
			buildActionMask = 2147483647;
			files = (
				A5C24D0A29B20A4500B8D860 /* openAISwiftUITestsLaunchTests.swift in Sources */,
				A5C24D0829B20A4500B8D860 /* openAISwiftUITests.swift in Sources */,
			);
			runOnlyForDeploymentPostprocessing = 0;
		};
/* End PBXSourcesBuildPhase section */

/* Begin PBXTargetDependency section */
		A5C24CFB29B20A4500B8D860 /* PBXTargetDependency */ = {
			isa = PBXTargetDependency;
			target = A5C24CE229B20A4200B8D860 /* openAISwift */;
			targetProxy = A5C24CFA29B20A4500B8D860 /* PBXContainerItemProxy */;
		};
		A5C24D0529B20A4500B8D860 /* PBXTargetDependency */ = {
			isa = PBXTargetDependency;
			target = A5C24CE229B20A4200B8D860 /* openAISwift */;
			targetProxy = A5C24D0429B20A4500B8D860 /* PBXContainerItemProxy */;
		};
/* End PBXTargetDependency section */

/* Begin XCBuildConfiguration section */
		A5C24D0B29B20A4500B8D860 /* Debug */ = {
			isa = XCBuildConfiguration;
			baseConfigurationReference = A56D676C29B76D0F007875BA /* debug.xcconfig */;
			buildSettings = {
			};
			name = Debug;
		};
		A5C24D0C29B20A4500B8D860 /* Release */ = {
			isa = XCBuildConfiguration;
			baseConfigurationReference = A56D676D29B76D0F007875BA /* release.xcconfig */;
			buildSettings = {
			};
			name = Release;
		};
		A5C24D0E29B20A4500B8D860 /* Debug */ = {
			isa = XCBuildConfiguration;
			baseConfigurationReference = A56D676329B76D0F007875BA /* app-debug.xcconfig */;
			buildSettings = {
			};
			name = Debug;
		};
		A5C24D0F29B20A4500B8D860 /* Release */ = {
			isa = XCBuildConfiguration;
			baseConfigurationReference = A56D676429B76D0F007875BA /* app-release.xcconfig */;
			buildSettings = {
			};
			name = Release;
		};
		A5C24D1129B20A4500B8D860 /* Debug */ = {
			isa = XCBuildConfiguration;
			baseConfigurationReference = A56D676B29B76D0F007875BA /* test-debug.xcconfig */;
			buildSettings = {
			};
			name = Debug;
		};
		A5C24D1229B20A4500B8D860 /* Release */ = {
			isa = XCBuildConfiguration;
			baseConfigurationReference = A56D676629B76D0F007875BA /* test-release.xcconfig */;
			buildSettings = {
			};
			name = Release;
		};
		A5C24D1429B20A4500B8D860 /* Debug */ = {
			isa = XCBuildConfiguration;
			baseConfigurationReference = A56D676729B76D0F007875BA /* uitest-debug.xcconfig */;
			buildSettings = {
			};
			name = Debug;
		};
		A5C24D1529B20A4500B8D860 /* Release */ = {
			isa = XCBuildConfiguration;
			baseConfigurationReference = A56D676A29B76D0F007875BA /* uitest-release.xcconfig */;
			buildSettings = {
			};
			name = Release;
		};
/* End XCBuildConfiguration section */

/* Begin XCConfigurationList section */
		A5C24CDE29B20A4200B8D860 /* Build configuration list for PBXProject "openAISwift" */ = {
			isa = XCConfigurationList;
			buildConfigurations = (
				A5C24D0B29B20A4500B8D860 /* Debug */,
				A5C24D0C29B20A4500B8D860 /* Release */,
			);
			defaultConfigurationIsVisible = 0;
			defaultConfigurationName = Release;
		};
		A5C24D0D29B20A4500B8D860 /* Build configuration list for PBXNativeTarget "openAISwift" */ = {
			isa = XCConfigurationList;
			buildConfigurations = (
				A5C24D0E29B20A4500B8D860 /* Debug */,
				A5C24D0F29B20A4500B8D860 /* Release */,
			);
			defaultConfigurationIsVisible = 0;
			defaultConfigurationName = Release;
		};
		A5C24D1029B20A4500B8D860 /* Build configuration list for PBXNativeTarget "openAISwiftTests" */ = {
			isa = XCConfigurationList;
			buildConfigurations = (
				A5C24D1129B20A4500B8D860 /* Debug */,
				A5C24D1229B20A4500B8D860 /* Release */,
			);
			defaultConfigurationIsVisible = 0;
			defaultConfigurationName = Release;
		};
		A5C24D1329B20A4500B8D860 /* Build configuration list for PBXNativeTarget "openAISwiftUITests" */ = {
			isa = XCConfigurationList;
			buildConfigurations = (
				A5C24D1429B20A4500B8D860 /* Debug */,
				A5C24D1529B20A4500B8D860 /* Release */,
			);
			defaultConfigurationIsVisible = 0;
			defaultConfigurationName = Release;
		};
/* End XCConfigurationList section */

/* Begin XCVersionGroup section */
		A56D675B29B76CFB007875BA /* dataStorage.xcdatamodeld */ = {
			isa = XCVersionGroup;
			children = (
				A56D675C29B76CFB007875BA /* dataStorage.xcdatamodel */,
			);
			currentVersion = A56D675C29B76CFB007875BA /* dataStorage.xcdatamodel */;
			path = dataStorage.xcdatamodeld;
			sourceTree = "<group>";
			versionGroupType = wrapper.xcdatamodel;
		};
/* End XCVersionGroup section */
	};
	rootObject = A5C24CDB29B20A4200B8D860 /* Project object */;
}
