// !$*UTF8*$!
{
	archiveVersion = 1;
	classes = {
	};
	objectVersion = 56;
	objects = {

/* Begin PBXBuildFile section */
		A50E2DFC29B91D200054381D /* AppKit+KeyboardType.swift in Sources */ = {isa = PBXBuildFile; fileRef = A50E2DF129B91D200054381D /* AppKit+KeyboardType.swift */; };
		A50E2DFD29B91D210054381D /* AppKit+EditButton.swift in Sources */ = {isa = PBXBuildFile; fileRef = A50E2DF229B91D200054381D /* AppKit+EditButton.swift */; };
		A50E2DFE29B91D210054381D /* AppKit+ToolbarItemPlacement.swift in Sources */ = {isa = PBXBuildFile; fileRef = A50E2DF329B91D200054381D /* AppKit+ToolbarItemPlacement.swift */; };
		A50E2DFF29B91D210054381D /* View+EditButton.swift in Sources */ = {isa = PBXBuildFile; fileRef = A50E2DF629B91D200054381D /* View+EditButton.swift */; };
		A50E2E0029B91D210054381D /* Persistence.swift in Sources */ = {isa = PBXBuildFile; fileRef = A50E2DF929B91D200054381D /* Persistence.swift */; };
		A50E2E0129B91D210054381D /* Application.swift in Sources */ = {isa = PBXBuildFile; fileRef = A50E2DFA29B91D200054381D /* Application.swift */; };
		A50E2E0629B91EED0054381D /* SettingsView.swift in Sources */ = {isa = PBXBuildFile; fileRef = A50E2E0529B91EED0054381D /* SettingsView.swift */; };
		A50E2E0929B91F200054381D /* SettingsViewModel.swift in Sources */ = {isa = PBXBuildFile; fileRef = A50E2E0829B91F200054381D /* SettingsViewModel.swift */; };
		A50E2E0B29B926270054381D /* View+NavigationBar.swift in Sources */ = {isa = PBXBuildFile; fileRef = A50E2E0A29B926270054381D /* View+NavigationBar.swift */; };
		A50E2E0D29B928680054381D /* AppSettings.swift in Sources */ = {isa = PBXBuildFile; fileRef = A50E2E0C29B928680054381D /* AppSettings.swift */; };
		A50E2E1029B92C4E0054381D /* ContentViewModel.swift in Sources */ = {isa = PBXBuildFile; fileRef = A50E2E0F29B92C4E0054381D /* ContentViewModel.swift */; };
		A525131629B9D70800C5347B /* ToolBarModifierMacOS.swift in Sources */ = {isa = PBXBuildFile; fileRef = A525131529B9D70800C5347B /* ToolBarModifierMacOS.swift */; };
		A525131829B9F57700C5347B /* ContentItemView.swift in Sources */ = {isa = PBXBuildFile; fileRef = A525131729B9F57700C5347B /* ContentItemView.swift */; };
		A525131A29B9F7F200C5347B /* ContentDetailsView.swift in Sources */ = {isa = PBXBuildFile; fileRef = A525131929B9F7F200C5347B /* ContentDetailsView.swift */; };
		A525132029BA37AF00C5347B /* ItemsList.swift in Sources */ = {isa = PBXBuildFile; fileRef = A525131F29BA37AF00C5347B /* ItemsList.swift */; };
		A525132429BA426300C5347B /* BaseTextFieldStyle.swift in Sources */ = {isa = PBXBuildFile; fileRef = A525132329BA426300C5347B /* BaseTextFieldStyle.swift */; };
		A563F28929BBD3C60073212F /* GoogleService-Info.plist in Resources */ = {isa = PBXBuildFile; fileRef = A563F28829BBD3C60073212F /* GoogleService-Info.plist */; };
		A563F28C29BBD4B30073212F /* FirebaseAnalytics in Frameworks */ = {isa = PBXBuildFile; productRef = A563F28B29BBD4B30073212F /* FirebaseAnalytics */; };
		A56D675D29B76CFB007875BA /* Assets.xcassets in Resources */ = {isa = PBXBuildFile; fileRef = A56D675729B76CFB007875BA /* Assets.xcassets */; };
		A56D675E29B76CFB007875BA /* Preview Assets.xcassets in Resources */ = {isa = PBXBuildFile; fileRef = A56D675929B76CFB007875BA /* Preview Assets.xcassets */; };
		A56D675F29B76CFB007875BA /* dataStorage.xcdatamodeld in Sources */ = {isa = PBXBuildFile; fileRef = A56D675B29B76CFB007875BA /* dataStorage.xcdatamodeld */; };
		A58453D629BA5C1C00EF36DF /* ToolBarModifierIOS.swift in Sources */ = {isa = PBXBuildFile; fileRef = A58453D429BA5B1000EF36DF /* ToolBarModifierIOS.swift */; };
		A58453D829BA5EE000EF36DF /* ToolBarModifierTvOS.swift in Sources */ = {isa = PBXBuildFile; fileRef = A58453D729BA5E5500EF36DF /* ToolBarModifierTvOS.swift */; };
		A58453E429BA6A1300EF36DF /* ContentView.swift in Sources */ = {isa = PBXBuildFile; fileRef = A58453E329BA6A1300EF36DF /* ContentView.swift */; };
		A58453EA29BA6F0200EF36DF /* InfoPlist.strings in Resources */ = {isa = PBXBuildFile; fileRef = A58453E829BA6F0200EF36DF /* InfoPlist.strings */; };
		A5C24CFE29B20A4500B8D860 /* previewTests.swift in Sources */ = {isa = PBXBuildFile; fileRef = A5C24CFD29B20A4500B8D860 /* previewTests.swift */; };
		A5C24D0829B20A4500B8D860 /* previewUITests.swift in Sources */ = {isa = PBXBuildFile; fileRef = A5C24D0729B20A4500B8D860 /* previewUITests.swift */; };
		A5C24D0A29B20A4500B8D860 /* previewTestsLaunchTests.swift in Sources */ = {isa = PBXBuildFile; fileRef = A5C24D0929B20A4500B8D860 /* previewTestsLaunchTests.swift */; };
/* End PBXBuildFile section */

/* Begin PBXContainerItemProxy section */
		A5C24CFA29B20A4500B8D860 /* PBXContainerItemProxy */ = {
			isa = PBXContainerItemProxy;
			containerPortal = A5C24CDB29B20A4200B8D860 /* Project object */;
			proxyType = 1;
			remoteGlobalIDString = A5C24CE229B20A4200B8D860;
			remoteInfo = openAISwift;
		};
		A5C24D0429B20A4500B8D860 /* PBXContainerItemProxy */ = {
			isa = PBXContainerItemProxy;
			containerPortal = A5C24CDB29B20A4200B8D860 /* Project object */;
			proxyType = 1;
			remoteGlobalIDString = A5C24CE229B20A4200B8D860;
			remoteInfo = openAISwift;
		};
/* End PBXContainerItemProxy section */

/* Begin PBXFileReference section */
		A508D3DC29BBD55200E8BEE7 /* ci_upload_to_firebase.sh */ = {isa = PBXFileReference; lastKnownFileType = text.script.sh; path = ci_upload_to_firebase.sh; sourceTree = "<group>"; };
		A50E2DF129B91D200054381D /* AppKit+KeyboardType.swift */ = {isa = PBXFileReference; fileEncoding = 4; lastKnownFileType = sourcecode.swift; path = "AppKit+KeyboardType.swift"; sourceTree = "<group>"; };
		A50E2DF229B91D200054381D /* AppKit+EditButton.swift */ = {isa = PBXFileReference; fileEncoding = 4; lastKnownFileType = sourcecode.swift; path = "AppKit+EditButton.swift"; sourceTree = "<group>"; };
		A50E2DF329B91D200054381D /* AppKit+ToolbarItemPlacement.swift */ = {isa = PBXFileReference; fileEncoding = 4; lastKnownFileType = sourcecode.swift; path = "AppKit+ToolbarItemPlacement.swift"; sourceTree = "<group>"; };
		A50E2DF629B91D200054381D /* View+EditButton.swift */ = {isa = PBXFileReference; fileEncoding = 4; lastKnownFileType = sourcecode.swift; path = "View+EditButton.swift"; sourceTree = "<group>"; };
		A50E2DF929B91D200054381D /* Persistence.swift */ = {isa = PBXFileReference; fileEncoding = 4; lastKnownFileType = sourcecode.swift; path = Persistence.swift; sourceTree = "<group>"; };
		A50E2DFA29B91D200054381D /* Application.swift */ = {isa = PBXFileReference; fileEncoding = 4; lastKnownFileType = sourcecode.swift; path = Application.swift; sourceTree = "<group>"; };
		A50E2E0529B91EED0054381D /* SettingsView.swift */ = {isa = PBXFileReference; lastKnownFileType = sourcecode.swift; path = SettingsView.swift; sourceTree = "<group>"; };
		A50E2E0829B91F200054381D /* SettingsViewModel.swift */ = {isa = PBXFileReference; lastKnownFileType = sourcecode.swift; path = SettingsViewModel.swift; sourceTree = "<group>"; };
		A50E2E0A29B926270054381D /* View+NavigationBar.swift */ = {isa = PBXFileReference; lastKnownFileType = sourcecode.swift; path = "View+NavigationBar.swift"; sourceTree = "<group>"; };
		A50E2E0C29B928680054381D /* AppSettings.swift */ = {isa = PBXFileReference; lastKnownFileType = sourcecode.swift; path = AppSettings.swift; sourceTree = "<group>"; };
		A50E2E0F29B92C4E0054381D /* ContentViewModel.swift */ = {isa = PBXFileReference; lastKnownFileType = sourcecode.swift; path = ContentViewModel.swift; sourceTree = "<group>"; };
		A525131529B9D70800C5347B /* ToolBarModifierMacOS.swift */ = {isa = PBXFileReference; lastKnownFileType = sourcecode.swift; path = ToolBarModifierMacOS.swift; sourceTree = "<group>"; };
		A525131729B9F57700C5347B /* ContentItemView.swift */ = {isa = PBXFileReference; lastKnownFileType = sourcecode.swift; path = ContentItemView.swift; sourceTree = "<group>"; };
		A525131929B9F7F200C5347B /* ContentDetailsView.swift */ = {isa = PBXFileReference; lastKnownFileType = sourcecode.swift; path = ContentDetailsView.swift; sourceTree = "<group>"; };
		A525131F29BA37AF00C5347B /* ItemsList.swift */ = {isa = PBXFileReference; lastKnownFileType = sourcecode.swift; path = ItemsList.swift; sourceTree = "<group>"; };
		A525132329BA426300C5347B /* BaseTextFieldStyle.swift */ = {isa = PBXFileReference; lastKnownFileType = sourcecode.swift; path = BaseTextFieldStyle.swift; sourceTree = "<group>"; };
		A563F28629BBD0420073212F /* ci_post_xcodebuild.sh */ = {isa = PBXFileReference; lastKnownFileType = text.script.sh; path = ci_post_xcodebuild.sh; sourceTree = "<group>"; };
		A563F28829BBD3C60073212F /* GoogleService-Info.plist */ = {isa = PBXFileReference; fileEncoding = 4; lastKnownFileType = text.plist.xml; path = "GoogleService-Info.plist"; sourceTree = "<group>"; };
		A56D675729B76CFB007875BA /* Assets.xcassets */ = {isa = PBXFileReference; lastKnownFileType = folder.assetcatalog; path = Assets.xcassets; sourceTree = "<group>"; };
		A56D675929B76CFB007875BA /* Preview Assets.xcassets */ = {isa = PBXFileReference; lastKnownFileType = folder.assetcatalog; path = "Preview Assets.xcassets"; sourceTree = "<group>"; };
		A56D675A29B76CFB007875BA /* entitlement.entitlements */ = {isa = PBXFileReference; fileEncoding = 4; lastKnownFileType = text.plist.entitlements; path = entitlement.entitlements; sourceTree = "<group>"; };
		A56D675C29B76CFB007875BA /* dataStorage.xcdatamodel */ = {isa = PBXFileReference; lastKnownFileType = wrapper.xcdatamodel; path = dataStorage.xcdatamodel; sourceTree = "<group>"; };
		A56D676229B76D0F007875BA /* app.xcconfig */ = {isa = PBXFileReference; lastKnownFileType = text.xcconfig; path = app.xcconfig; sourceTree = "<group>"; };
		A56D676329B76D0F007875BA /* app-debug.xcconfig */ = {isa = PBXFileReference; lastKnownFileType = text.xcconfig; path = "app-debug.xcconfig"; sourceTree = "<group>"; };
		A56D676429B76D0F007875BA /* app-release.xcconfig */ = {isa = PBXFileReference; lastKnownFileType = text.xcconfig; path = "app-release.xcconfig"; sourceTree = "<group>"; };
		A56D676629B76D0F007875BA /* test-release.xcconfig */ = {isa = PBXFileReference; lastKnownFileType = text.xcconfig; path = "test-release.xcconfig"; sourceTree = "<group>"; };
		A56D676729B76D0F007875BA /* uitest-debug.xcconfig */ = {isa = PBXFileReference; lastKnownFileType = text.xcconfig; path = "uitest-debug.xcconfig"; sourceTree = "<group>"; };
		A56D676829B76D0F007875BA /* uitest.xcconfig */ = {isa = PBXFileReference; lastKnownFileType = text.xcconfig; path = uitest.xcconfig; sourceTree = "<group>"; };
		A56D676929B76D0F007875BA /* test.xcconfig */ = {isa = PBXFileReference; lastKnownFileType = text.xcconfig; path = test.xcconfig; sourceTree = "<group>"; };
		A56D676A29B76D0F007875BA /* uitest-release.xcconfig */ = {isa = PBXFileReference; lastKnownFileType = text.xcconfig; path = "uitest-release.xcconfig"; sourceTree = "<group>"; };
		A56D676B29B76D0F007875BA /* test-debug.xcconfig */ = {isa = PBXFileReference; lastKnownFileType = text.xcconfig; path = "test-debug.xcconfig"; sourceTree = "<group>"; };
		A56D676C29B76D0F007875BA /* debug.xcconfig */ = {isa = PBXFileReference; lastKnownFileType = text.xcconfig; path = debug.xcconfig; sourceTree = "<group>"; };
		A56D676D29B76D0F007875BA /* release.xcconfig */ = {isa = PBXFileReference; lastKnownFileType = text.xcconfig; path = release.xcconfig; sourceTree = "<group>"; };
		A56D676E29B76D0F007875BA /* base.xcconfig */ = {isa = PBXFileReference; lastKnownFileType = text.xcconfig; path = base.xcconfig; sourceTree = "<group>"; };
		A576719929B778E0007A6204 /* testPlan.xctestplan */ = {isa = PBXFileReference; lastKnownFileType = text; name = testPlan.xctestplan; path = openAISwift.xcodeproj/testPlan.xctestplan; sourceTree = "<group>"; };
		A58453D429BA5B1000EF36DF /* ToolBarModifierIOS.swift */ = {isa = PBXFileReference; lastKnownFileType = sourcecode.swift; path = ToolBarModifierIOS.swift; sourceTree = "<group>"; };
		A58453D729BA5E5500EF36DF /* ToolBarModifierTvOS.swift */ = {isa = PBXFileReference; lastKnownFileType = sourcecode.swift; path = ToolBarModifierTvOS.swift; sourceTree = "<group>"; };
		A58453E329BA6A1300EF36DF /* ContentView.swift */ = {isa = PBXFileReference; fileEncoding = 4; lastKnownFileType = sourcecode.swift; path = ContentView.swift; sourceTree = "<group>"; };
		A58453E729BA6F0200EF36DF /* Info.plist */ = {isa = PBXFileReference; fileEncoding = 4; lastKnownFileType = text.plist.xml; path = Info.plist; sourceTree = "<group>"; };
		A58453E829BA6F0200EF36DF /* InfoPlist.strings */ = {isa = PBXFileReference; fileEncoding = 4; lastKnownFileType = text.plist.strings; path = InfoPlist.strings; sourceTree = "<group>"; };
		A5C24CE329B20A4200B8D860 /* openAISwift.app */ = {isa = PBXFileReference; explicitFileType = wrapper.application; includeInIndex = 0; path = openAISwift.app; sourceTree = BUILT_PRODUCTS_DIR; };
		A5C24CF929B20A4500B8D860 /* openAISwiftTests.xctest */ = {isa = PBXFileReference; explicitFileType = wrapper.cfbundle; includeInIndex = 0; path = openAISwiftTests.xctest; sourceTree = BUILT_PRODUCTS_DIR; };
		A5C24CFD29B20A4500B8D860 /* previewTests.swift */ = {isa = PBXFileReference; lastKnownFileType = sourcecode.swift; path = previewTests.swift; sourceTree = "<group>"; };
		A5C24D0329B20A4500B8D860 /* openAISwiftUITests.xctest */ = {isa = PBXFileReference; explicitFileType = wrapper.cfbundle; includeInIndex = 0; path = openAISwiftUITests.xctest; sourceTree = BUILT_PRODUCTS_DIR; };
		A5C24D0729B20A4500B8D860 /* previewUITests.swift */ = {isa = PBXFileReference; lastKnownFileType = sourcecode.swift; path = previewUITests.swift; sourceTree = "<group>"; };
		A5C24D0929B20A4500B8D860 /* previewTestsLaunchTests.swift */ = {isa = PBXFileReference; lastKnownFileType = sourcecode.swift; path = previewTestsLaunchTests.swift; sourceTree = "<group>"; };
/* End PBXFileReference section */

/* Begin PBXFrameworksBuildPhase section */
		A5C24CE029B20A4200B8D860 /* Frameworks */ = {
			isa = PBXFrameworksBuildPhase;
			buildActionMask = 2147483647;
			files = (
				A563F28C29BBD4B30073212F /* FirebaseAnalytics in Frameworks */,
			);
			runOnlyForDeploymentPostprocessing = 0;
		};
		A5C24CF629B20A4500B8D860 /* Frameworks */ = {
			isa = PBXFrameworksBuildPhase;
			buildActionMask = 2147483647;
			files = (
			);
			runOnlyForDeploymentPostprocessing = 0;
		};
		A5C24D0029B20A4500B8D860 /* Frameworks */ = {
			isa = PBXFrameworksBuildPhase;
			buildActionMask = 2147483647;
			files = (
			);
			runOnlyForDeploymentPostprocessing = 0;
		};
/* End PBXFrameworksBuildPhase section */

/* Begin PBXGroup section */
		A50E2DEF29B91D200054381D /* macOS */ = {
			isa = PBXGroup;
			children = (
				A525132129BA422900C5347B /* Toolbar */,
				A50E2DF029B91D200054381D /* Extensions */,
			);
			path = macOS;
			sourceTree = "<group>";
		};
		A50E2DF029B91D200054381D /* Extensions */ = {
			isa = PBXGroup;
			children = (
				A50E2DF129B91D200054381D /* AppKit+KeyboardType.swift */,
				A50E2DF229B91D200054381D /* AppKit+EditButton.swift */,
				A50E2DF329B91D200054381D /* AppKit+ToolbarItemPlacement.swift */,
				A50E2E0A29B926270054381D /* View+NavigationBar.swift */,
			);
			path = Extensions;
			sourceTree = "<group>";
		};
		A50E2DF429B91D200054381D /* tvOS */ = {
			isa = PBXGroup;
			children = (
				A58453D029BA5AEC00EF36DF /* Toolbar */,
				A50E2DF529B91D200054381D /* Extensions */,
			);
			path = tvOS;
			sourceTree = "<group>";
		};
		A50E2DF529B91D200054381D /* Extensions */ = {
			isa = PBXGroup;
			children = (
				A50E2DF629B91D200054381D /* View+EditButton.swift */,
			);
			path = Extensions;
			sourceTree = "<group>";
		};
		A50E2DF729B91D200054381D /* Shared */ = {
			isa = PBXGroup;
			children = (
				A50E2DFA29B91D200054381D /* Application.swift */,
				A50E2DF829B91D200054381D /* Storage */,
				A50E2E0429B91EBD0054381D /* Views */,
			);
			path = Shared;
			sourceTree = "<group>";
		};
		A50E2DF829B91D200054381D /* Storage */ = {
			isa = PBXGroup;
			children = (
				A50E2DF929B91D200054381D /* Persistence.swift */,
			);
			path = Storage;
			sourceTree = "<group>";
		};
		A50E2E0429B91EBD0054381D /* Views */ = {
			isa = PBXGroup;
			children = (
				A50E2E0E29B929AA0054381D /* Content */,
				A50E2E0729B91F130054381D /* Settings */,
				A525132229BA424B00C5347B /* TextField */,
			);
			path = Views;
			sourceTree = "<group>";
		};
		A50E2E0729B91F130054381D /* Settings */ = {
			isa = PBXGroup;
			children = (
				A50E2E0529B91EED0054381D /* SettingsView.swift */,
				A50E2E0829B91F200054381D /* SettingsViewModel.swift */,
				A50E2E0C29B928680054381D /* AppSettings.swift */,
			);
			path = Settings;
			sourceTree = "<group>";
		};
		A50E2E0E29B929AA0054381D /* Content */ = {
			isa = PBXGroup;
			children = (
				A58453E329BA6A1300EF36DF /* ContentView.swift */,
				A50E2E0F29B92C4E0054381D /* ContentViewModel.swift */,
				A525131B29B9F8ED00C5347B /* ListItem */,
				A525131C29B9F8FD00C5347B /* Details */,
			);
			path = Content;
			sourceTree = "<group>";
		};
		A525131B29B9F8ED00C5347B /* ListItem */ = {
			isa = PBXGroup;
			children = (
				A525131729B9F57700C5347B /* ContentItemView.swift */,
				A525131F29BA37AF00C5347B /* ItemsList.swift */,
			);
			path = ListItem;
			sourceTree = "<group>";
		};
		A525131C29B9F8FD00C5347B /* Details */ = {
			isa = PBXGroup;
			children = (
				A525131929B9F7F200C5347B /* ContentDetailsView.swift */,
			);
			path = Details;
			sourceTree = "<group>";
		};
		A525132129BA422900C5347B /* Toolbar */ = {
			isa = PBXGroup;
			children = (
				A525131529B9D70800C5347B /* ToolBarModifierMacOS.swift */,
			);
			path = Toolbar;
			sourceTree = "<group>";
		};
		A525132229BA424B00C5347B /* TextField */ = {
			isa = PBXGroup;
			children = (
				A525132329BA426300C5347B /* BaseTextFieldStyle.swift */,
			);
			path = TextField;
			sourceTree = "<group>";
		};
		A563F28529BBD0230073212F /* ci_scripts */ = {
			isa = PBXGroup;
			children = (
				A508D3DC29BBD55200E8BEE7 /* ci_upload_to_firebase.sh */,
				A563F28629BBD0420073212F /* ci_post_xcodebuild.sh */,
			);
			path = ci_scripts;
			sourceTree = "<group>";
		};
		A563F28729BBD3C60073212F /* firebase */ = {
			isa = PBXGroup;
			children = (
				A563F28829BBD3C60073212F /* GoogleService-Info.plist */,
			);
			path = firebase;
			sourceTree = "<group>";
		};
		A56D675629B76CFB007875BA /* Resources */ = {
			isa = PBXGroup;
			children = (
				A58453E729BA6F0200EF36DF /* Info.plist */,
				A58453E829BA6F0200EF36DF /* InfoPlist.strings */,
				A56D675829B76CFB007875BA /* Preview Content */,
				A56D675729B76CFB007875BA /* Assets.xcassets */,
				A56D675A29B76CFB007875BA /* entitlement.entitlements */,
				A56D675B29B76CFB007875BA /* dataStorage.xcdatamodeld */,
			);
			path = Resources;
			sourceTree = "<group>";
		};
		A56D675829B76CFB007875BA /* Preview Content */ = {
			isa = PBXGroup;
			children = (
				A56D675929B76CFB007875BA /* Preview Assets.xcassets */,
			);
			path = "Preview Content";
			sourceTree = "<group>";
		};
		A56D676029B76D0F007875BA /* Configurations */ = {
			isa = PBXGroup;
			children = (
				A563F28729BBD3C60073212F /* firebase */,
				A56D676E29B76D0F007875BA /* base.xcconfig */,
				A56D676C29B76D0F007875BA /* debug.xcconfig */,
				A56D676D29B76D0F007875BA /* release.xcconfig */,
				A56D676129B76D0F007875BA /* app */,
				A56D676529B76D0F007875BA /* tests */,
			);
			path = Configurations;
			sourceTree = "<group>";
		};
		A56D676129B76D0F007875BA /* app */ = {
			isa = PBXGroup;
			children = (
				A56D676229B76D0F007875BA /* app.xcconfig */,
				A56D676329B76D0F007875BA /* app-debug.xcconfig */,
				A56D676429B76D0F007875BA /* app-release.xcconfig */,
			);
			path = app;
			sourceTree = "<group>";
		};
		A56D676529B76D0F007875BA /* tests */ = {
			isa = PBXGroup;
			children = (
				A56D676629B76D0F007875BA /* test-release.xcconfig */,
				A56D676729B76D0F007875BA /* uitest-debug.xcconfig */,
				A56D676829B76D0F007875BA /* uitest.xcconfig */,
				A56D676929B76D0F007875BA /* test.xcconfig */,
				A56D676A29B76D0F007875BA /* uitest-release.xcconfig */,
				A56D676B29B76D0F007875BA /* test-debug.xcconfig */,
			);
			path = tests;
			sourceTree = "<group>";
		};
		A58453D029BA5AEC00EF36DF /* Toolbar */ = {
			isa = PBXGroup;
			children = (
				A58453D729BA5E5500EF36DF /* ToolBarModifierTvOS.swift */,
			);
			path = Toolbar;
			sourceTree = "<group>";
		};
		A58453D229BA5B0300EF36DF /* iOS */ = {
			isa = PBXGroup;
			children = (
				A58453DD29BA67F600EF36DF /* Extensions */,
				A58453D329BA5B1000EF36DF /* Toolbar */,
			);
			path = iOS;
			sourceTree = "<group>";
		};
		A58453D329BA5B1000EF36DF /* Toolbar */ = {
			isa = PBXGroup;
			children = (
				A58453D429BA5B1000EF36DF /* ToolBarModifierIOS.swift */,
			);
			path = Toolbar;
			sourceTree = "<group>";
		};
		A58453DD29BA67F600EF36DF /* Extensions */ = {
			isa = PBXGroup;
			children = (
			);
			path = Extensions;
			sourceTree = "<group>";
		};
		A5C24CDA29B20A4200B8D860 = {
			isa = PBXGroup;
			children = (
				A563F28529BBD0230073212F /* ci_scripts */,
				A5C24CE529B20A4200B8D860 /* Source */,
				A56D676029B76D0F007875BA /* Configurations */,
				A56D675629B76CFB007875BA /* Resources */,
				A576719929B778E0007A6204 /* testPlan.xctestplan */,
				A5C24CFC29B20A4500B8D860 /* Tests */,
				A5C24D0629B20A4500B8D860 /* UITests */,
				A5C24CE429B20A4200B8D860 /* Products */,
			);
			sourceTree = "<group>";
		};
		A5C24CE429B20A4200B8D860 /* Products */ = {
			isa = PBXGroup;
			children = (
				A5C24CE329B20A4200B8D860 /* openAISwift.app */,
				A5C24CF929B20A4500B8D860 /* openAISwiftTests.xctest */,
				A5C24D0329B20A4500B8D860 /* openAISwiftUITests.xctest */,
			);
			name = Products;
			sourceTree = "<group>";
		};
		A5C24CE529B20A4200B8D860 /* Source */ = {
			isa = PBXGroup;
			children = (
				A50E2DF729B91D200054381D /* Shared */,
				A50E2DEF29B91D200054381D /* macOS */,
				A58453D229BA5B0300EF36DF /* iOS */,
				A50E2DF429B91D200054381D /* tvOS */,
			);
			path = Source;
			sourceTree = "<group>";
		};
		A5C24CFC29B20A4500B8D860 /* Tests */ = {
			isa = PBXGroup;
			children = (
				A5C24CFD29B20A4500B8D860 /* previewTests.swift */,
			);
			path = Tests;
			sourceTree = "<group>";
		};
		A5C24D0629B20A4500B8D860 /* UITests */ = {
			isa = PBXGroup;
			children = (
				A5C24D0729B20A4500B8D860 /* previewUITests.swift */,
				A5C24D0929B20A4500B8D860 /* previewTestsLaunchTests.swift */,
			);
			path = UITests;
			sourceTree = "<group>";
		};
/* End PBXGroup section */

/* Begin PBXNativeTarget section */
		A5C24CE229B20A4200B8D860 /* openAISwift */ = {
			isa = PBXNativeTarget;
			buildConfigurationList = A5C24D0D29B20A4500B8D860 /* Build configuration list for PBXNativeTarget "openAISwift" */;
			buildPhases = (
				A5C24CDF29B20A4200B8D860 /* Sources */,
				A5C24CE029B20A4200B8D860 /* Frameworks */,
				A5C24CE129B20A4200B8D860 /* Resources */,
			);
			buildRules = (
			);
			dependencies = (
			);
			name = openAISwift;
			packageProductDependencies = (
				A563F28B29BBD4B30073212F /* FirebaseAnalytics */,
			);
			productName = openAISwift;
			productReference = A5C24CE329B20A4200B8D860 /* openAISwift.app */;
			productType = "com.apple.product-type.application";
		};
		A5C24CF829B20A4500B8D860 /* openAISwiftTests */ = {
			isa = PBXNativeTarget;
			buildConfigurationList = A5C24D1029B20A4500B8D860 /* Build configuration list for PBXNativeTarget "openAISwiftTests" */;
			buildPhases = (
				A5C24CF529B20A4500B8D860 /* Sources */,
				A5C24CF629B20A4500B8D860 /* Frameworks */,
				A5C24CF729B20A4500B8D860 /* Resources */,
			);
			buildRules = (
			);
			dependencies = (
				A5C24CFB29B20A4500B8D860 /* PBXTargetDependency */,
			);
			name = openAISwiftTests;
			productName = openAISwiftTests;
			productReference = A5C24CF929B20A4500B8D860 /* openAISwiftTests.xctest */;
			productType = "com.apple.product-type.bundle.unit-test";
		};
		A5C24D0229B20A4500B8D860 /* openAISwiftUITests */ = {
			isa = PBXNativeTarget;
			buildConfigurationList = A5C24D1329B20A4500B8D860 /* Build configuration list for PBXNativeTarget "openAISwiftUITests" */;
			buildPhases = (
				A5C24CFF29B20A4500B8D860 /* Sources */,
				A5C24D0029B20A4500B8D860 /* Frameworks */,
				A5C24D0129B20A4500B8D860 /* Resources */,
			);
			buildRules = (
			);
			dependencies = (
				A5C24D0529B20A4500B8D860 /* PBXTargetDependency */,
			);
			name = openAISwiftUITests;
			productName = openAISwiftUITests;
			productReference = A5C24D0329B20A4500B8D860 /* openAISwiftUITests.xctest */;
			productType = "com.apple.product-type.bundle.ui-testing";
		};
/* End PBXNativeTarget section */

/* Begin PBXProject section */
		A5C24CDB29B20A4200B8D860 /* Project object */ = {
			isa = PBXProject;
			attributes = {
				BuildIndependentTargetsInParallel = 1;
				LastSwiftUpdateCheck = 1420;
				LastUpgradeCheck = 1420;
				ORGANIZATIONNAME = "IGR Soft";
				TargetAttributes = {
					A5C24CE229B20A4200B8D860 = {
						CreatedOnToolsVersion = 14.2;
					};
					A5C24CF829B20A4500B8D860 = {
						CreatedOnToolsVersion = 14.2;
						TestTargetID = A5C24CE229B20A4200B8D860;
					};
					A5C24D0229B20A4500B8D860 = {
						CreatedOnToolsVersion = 14.2;
						TestTargetID = A5C24CE229B20A4200B8D860;
					};
				};
			};
			buildConfigurationList = A5C24CDE29B20A4200B8D860 /* Build configuration list for PBXProject "openAISwift" */;
			compatibilityVersion = "Xcode 14.0";
			developmentRegion = en;
			hasScannedForEncodings = 0;
			knownRegions = (
				en,
				Base,
			);
			mainGroup = A5C24CDA29B20A4200B8D860;
			packageReferences = (
				A563F28A29BBD4B30073212F /* XCRemoteSwiftPackageReference "firebase-ios-sdk" */,
			);
			productRefGroup = A5C24CE429B20A4200B8D860 /* Products */;
			projectDirPath = "";
			projectRoot = "";
			targets = (
				A5C24CE229B20A4200B8D860 /* openAISwift */,
				A5C24CF829B20A4500B8D860 /* openAISwiftTests */,
				A5C24D0229B20A4500B8D860 /* openAISwiftUITests */,
			);
		};
/* End PBXProject section */

/* Begin PBXResourcesBuildPhase section */
		A5C24CE129B20A4200B8D860 /* Resources */ = {
			isa = PBXResourcesBuildPhase;
			buildActionMask = 2147483647;
			files = (
				A56D675E29B76CFB007875BA /* Preview Assets.xcassets in Resources */,
				A563F28929BBD3C60073212F /* GoogleService-Info.plist in Resources */,
				A58453EA29BA6F0200EF36DF /* InfoPlist.strings in Resources */,
				A56D675D29B76CFB007875BA /* Assets.xcassets in Resources */,
			);
			runOnlyForDeploymentPostprocessing = 0;
		};
		A5C24CF729B20A4500B8D860 /* Resources */ = {
			isa = PBXResourcesBuildPhase;
			buildActionMask = 2147483647;
			files = (
			);
			runOnlyForDeploymentPostprocessing = 0;
		};
		A5C24D0129B20A4500B8D860 /* Resources */ = {
			isa = PBXResourcesBuildPhase;
			buildActionMask = 2147483647;
			files = (
			);
			runOnlyForDeploymentPostprocessing = 0;
		};
/* End PBXResourcesBuildPhase section */

/* Begin PBXSourcesBuildPhase section */
		A5C24CDF29B20A4200B8D860 /* Sources */ = {
			isa = PBXSourcesBuildPhase;
			buildActionMask = 2147483647;
			files = (
				A525132429BA426300C5347B /* BaseTextFieldStyle.swift in Sources */,
				A50E2E0B29B926270054381D /* View+NavigationBar.swift in Sources */,
				A50E2E1029B92C4E0054381D /* ContentViewModel.swift in Sources */,
				A56D675F29B76CFB007875BA /* dataStorage.xcdatamodeld in Sources */,
				A50E2E0D29B928680054381D /* AppSettings.swift in Sources */,
				A50E2E0129B91D210054381D /* Application.swift in Sources */,
				A58453E429BA6A1300EF36DF /* ContentView.swift in Sources */,
				A525132029BA37AF00C5347B /* ItemsList.swift in Sources */,
				A58453D629BA5C1C00EF36DF /* ToolBarModifierIOS.swift in Sources */,
				A50E2E0629B91EED0054381D /* SettingsView.swift in Sources */,
				A50E2DFE29B91D210054381D /* AppKit+ToolbarItemPlacement.swift in Sources */,
				A525131629B9D70800C5347B /* ToolBarModifierMacOS.swift in Sources */,
				A50E2DFD29B91D210054381D /* AppKit+EditButton.swift in Sources */,
				A50E2E0929B91F200054381D /* SettingsViewModel.swift in Sources */,
				A58453D829BA5EE000EF36DF /* ToolBarModifierTvOS.swift in Sources */,
				A50E2E0029B91D210054381D /* Persistence.swift in Sources */,
				A525131829B9F57700C5347B /* ContentItemView.swift in Sources */,
				A50E2DFC29B91D200054381D /* AppKit+KeyboardType.swift in Sources */,
				A50E2DFF29B91D210054381D /* View+EditButton.swift in Sources */,
				A525131A29B9F7F200C5347B /* ContentDetailsView.swift in Sources */,
			);
			runOnlyForDeploymentPostprocessing = 0;
		};
		A5C24CF529B20A4500B8D860 /* Sources */ = {
			isa = PBXSourcesBuildPhase;
			buildActionMask = 2147483647;
			files = (
				A5C24CFE29B20A4500B8D860 /* previewTests.swift in Sources */,
			);
			runOnlyForDeploymentPostprocessing = 0;
		};
		A5C24CFF29B20A4500B8D860 /* Sources */ = {
			isa = PBXSourcesBuildPhase;
			buildActionMask = 2147483647;
			files = (
				A5C24D0A29B20A4500B8D860 /* previewTestsLaunchTests.swift in Sources */,
				A5C24D0829B20A4500B8D860 /* previewUITests.swift in Sources */,
			);
			runOnlyForDeploymentPostprocessing = 0;
		};
/* End PBXSourcesBuildPhase section */

/* Begin PBXTargetDependency section */
		A5C24CFB29B20A4500B8D860 /* PBXTargetDependency */ = {
			isa = PBXTargetDependency;
			target = A5C24CE229B20A4200B8D860 /* openAISwift */;
			targetProxy = A5C24CFA29B20A4500B8D860 /* PBXContainerItemProxy */;
		};
		A5C24D0529B20A4500B8D860 /* PBXTargetDependency */ = {
			isa = PBXTargetDependency;
			target = A5C24CE229B20A4200B8D860 /* openAISwift */;
			targetProxy = A5C24D0429B20A4500B8D860 /* PBXContainerItemProxy */;
		};
/* End PBXTargetDependency section */

/* Begin XCBuildConfiguration section */
		A5C24D0B29B20A4500B8D860 /* Debug */ = {
			isa = XCBuildConfiguration;
			baseConfigurationReference = A56D676C29B76D0F007875BA /* debug.xcconfig */;
			buildSettings = {
			};
			name = Debug;
		};
		A5C24D0C29B20A4500B8D860 /* Release */ = {
			isa = XCBuildConfiguration;
			baseConfigurationReference = A56D676D29B76D0F007875BA /* release.xcconfig */;
			buildSettings = {
			};
			name = Release;
		};
		A5C24D0E29B20A4500B8D860 /* Debug */ = {
			isa = XCBuildConfiguration;
			baseConfigurationReference = A56D676329B76D0F007875BA /* app-debug.xcconfig */;
			buildSettings = {
			};
			name = Debug;
		};
		A5C24D0F29B20A4500B8D860 /* Release */ = {
			isa = XCBuildConfiguration;
			baseConfigurationReference = A56D676429B76D0F007875BA /* app-release.xcconfig */;
			buildSettings = {
			};
			name = Release;
		};
		A5C24D1129B20A4500B8D860 /* Debug */ = {
			isa = XCBuildConfiguration;
			baseConfigurationReference = A56D676B29B76D0F007875BA /* test-debug.xcconfig */;
			buildSettings = {
				ALWAYS_EMBED_SWIFT_STANDARD_LIBRARIES = YES;
			};
			name = Debug;
		};
		A5C24D1229B20A4500B8D860 /* Release */ = {
			isa = XCBuildConfiguration;
			baseConfigurationReference = A56D676629B76D0F007875BA /* test-release.xcconfig */;
			buildSettings = {
				ALWAYS_EMBED_SWIFT_STANDARD_LIBRARIES = YES;
			};
			name = Release;
		};
		A5C24D1429B20A4500B8D860 /* Debug */ = {
			isa = XCBuildConfiguration;
			baseConfigurationReference = A56D676729B76D0F007875BA /* uitest-debug.xcconfig */;
			buildSettings = {
				ALWAYS_EMBED_SWIFT_STANDARD_LIBRARIES = YES;
			};
			name = Debug;
		};
		A5C24D1529B20A4500B8D860 /* Release */ = {
			isa = XCBuildConfiguration;
			baseConfigurationReference = A56D676A29B76D0F007875BA /* uitest-release.xcconfig */;
			buildSettings = {
				ALWAYS_EMBED_SWIFT_STANDARD_LIBRARIES = YES;
			};
			name = Release;
		};
/* End XCBuildConfiguration section */

/* Begin XCConfigurationList section */
		A5C24CDE29B20A4200B8D860 /* Build configuration list for PBXProject "openAISwift" */ = {
			isa = XCConfigurationList;
			buildConfigurations = (
				A5C24D0B29B20A4500B8D860 /* Debug */,
				A5C24D0C29B20A4500B8D860 /* Release */,
			);
			defaultConfigurationIsVisible = 0;
			defaultConfigurationName = Release;
		};
		A5C24D0D29B20A4500B8D860 /* Build configuration list for PBXNativeTarget "openAISwift" */ = {
			isa = XCConfigurationList;
			buildConfigurations = (
				A5C24D0E29B20A4500B8D860 /* Debug */,
				A5C24D0F29B20A4500B8D860 /* Release */,
			);
			defaultConfigurationIsVisible = 0;
			defaultConfigurationName = Release;
		};
		A5C24D1029B20A4500B8D860 /* Build configuration list for PBXNativeTarget "openAISwiftTests" */ = {
			isa = XCConfigurationList;
			buildConfigurations = (
				A5C24D1129B20A4500B8D860 /* Debug */,
				A5C24D1229B20A4500B8D860 /* Release */,
			);
			defaultConfigurationIsVisible = 0;
			defaultConfigurationName = Release;
		};
		A5C24D1329B20A4500B8D860 /* Build configuration list for PBXNativeTarget "openAISwiftUITests" */ = {
			isa = XCConfigurationList;
			buildConfigurations = (
				A5C24D1429B20A4500B8D860 /* Debug */,
				A5C24D1529B20A4500B8D860 /* Release */,
			);
			defaultConfigurationIsVisible = 0;
			defaultConfigurationName = Release;
		};
/* End XCConfigurationList section */

/* Begin XCRemoteSwiftPackageReference section */
		A563F28A29BBD4B30073212F /* XCRemoteSwiftPackageReference "firebase-ios-sdk" */ = {
			isa = XCRemoteSwiftPackageReference;
			repositoryURL = "https://github.com/firebase/firebase-ios-sdk";
			requirement = {
				kind = upToNextMajorVersion;
				minimumVersion = 9.0.0;
			};
		};
/* End XCRemoteSwiftPackageReference section */

/* Begin XCSwiftPackageProductDependency section */
		A563F28B29BBD4B30073212F /* FirebaseAnalytics */ = {
			isa = XCSwiftPackageProductDependency;
			package = A563F28A29BBD4B30073212F /* XCRemoteSwiftPackageReference "firebase-ios-sdk" */;
			productName = FirebaseAnalytics;
		};
/* End XCSwiftPackageProductDependency section */

/* Begin XCVersionGroup section */
		A56D675B29B76CFB007875BA /* dataStorage.xcdatamodeld */ = {
			isa = XCVersionGroup;
			children = (
				A56D675C29B76CFB007875BA /* dataStorage.xcdatamodel */,
			);
			currentVersion = A56D675C29B76CFB007875BA /* dataStorage.xcdatamodel */;
			path = dataStorage.xcdatamodeld;
			sourceTree = "<group>";
			versionGroupType = wrapper.xcdatamodel;
		};
/* End XCVersionGroup section */
	};
	rootObject = A5C24CDB29B20A4200B8D860 /* Project object */;
}
